
Microsoft Visual Studio Solution File, Format Version 12.00
# Visual Studio Version 16
VisualStudioVersion = 16.0.29609.76
MinimumVisualStudioVersion = 10.0.40219.1
Project("{FAE04EC0-301F-11D3-BF4B-00C04F79EFBC}") = "QuickBuy.Dominio", "QuickBuy.Dominio\QuickBuy.Dominio.csproj", "{48475DB2-4AEB-4D69-8C75-C0815A7E87B5}"
EndProject
Project("{FAE04EC0-301F-11D3-BF4B-00C04F79EFBC}") = "QuickBuy.Repository", "QuickBuy.Repository\QuickBuy.Repository.csproj", "{51B38D99-2402-418A-B9C1-0B4EC8ECA2C2}"
EndProject
Project("{FAE04EC0-301F-11D3-BF4B-00C04F79EFBC}") = "QuickBuy.Web", "QuickBuy.Web\QuickBuy.Web.csproj", "{93236CAC-44EB-417B-86C9-111177AB409E}"
EndProject
Global
	GlobalSection(SolutionConfigurationPlatforms) = preSolution
		Debug|Any CPU = Debug|Any CPU
		Release|Any CPU = Release|Any CPU
	EndGlobalSection
	GlobalSection(ProjectConfigurationPlatforms) = postSolution
		{48475DB2-4AEB-4D69-8C75-C0815A7E87B5}.Debug|Any CPU.ActiveCfg = Debug|Any CPU
		{48475DB2-4AEB-4D69-8C75-C0815A7E87B5}.Debug|Any CPU.Build.0 = Debug|Any CPU
		{48475DB2-4AEB-4D69-8C75-C0815A7E87B5}.Release|Any CPU.ActiveCfg = Release|Any CPU
		{48475DB2-4AEB-4D69-8C75-C0815A7E87B5}.Release|Any CPU.Build.0 = Release|Any CPU
		{51B38D99-2402-418A-B9C1-0B4EC8ECA2C2}.Debug|Any CPU.ActiveCfg = Debug|Any CPU
		{51B38D99-2402-418A-B9C1-0B4EC8ECA2C2}.Debug|Any CPU.Build.0 = Debug|Any CPU
		{51B38D99-2402-418A-B9C1-0B4EC8ECA2C2}.Release|Any CPU.ActiveCfg = Release|Any CPU
		{51B38D99-2402-418A-B9C1-0B4EC8ECA2C2}.Release|Any CPU.Build.0 = Release|Any CPU
		{93236CAC-44EB-417B-86C9-111177AB409E}.Debug|Any CPU.ActiveCfg = Debug|Any CPU
		{93236CAC-44EB-417B-86C9-111177AB409E}.Debug|Any CPU.Build.0 = Debug|Any CPU
		{93236CAC-44EB-417B-86C9-111177AB409E}.Release|Any CPU.ActiveCfg = Release|Any CPU
		{93236CAC-44EB-417B-86C9-111177AB409E}.Release|Any CPU.Build.0 = Release|Any CPU
	EndGlobalSection
	GlobalSection(SolutionProperties) = preSolution
		HideSolutionNode = FALSE
	EndGlobalSection
	GlobalSection(ExtensibilityGlobals) = postSolution
		SolutionGuid = {6AEB62D3-0B6B-4F76-8F01-577C32F46F4C}
	EndGlobalSection
EndGlobal
